{
  "nodes": {
    "flake-utils": {
      "inputs": {
        "systems": "systems"
      },
      "locked": {
        "lastModified": 1681202837,
        "narHash": "sha256-H+Rh19JDwRtpVPAWp64F+rlEtxUWBAQW28eAi3SRSzg=",
        "owner": "numtide",
        "repo": "flake-utils",
        "rev": "cfacdce06f30d2b68473a46042957675eebb3401",
        "type": "github"
      },
      "original": {
        "owner": "numtide",
        "repo": "flake-utils",
        "type": "github"
      }
    },
    "indent-blankline": {
      "flake": false,
      "locked": {
        "lastModified": 1696421174,
        "narHash": "sha256-IjSRT7UDZtZY4a9hkb0ZjU3hJDngzO9k5J5IWt+wacs=",
        "owner": "lukas-reineke",
        "repo": "indent-blankline.nvim",
        "rev": "da789082a43e2bb8930c7be0e265ce37768394d8",
        "type": "github"
      },
      "original": {
        "owner": "lukas-reineke",
        "ref": "master",
        "repo": "indent-blankline.nvim",
        "type": "github"
      }
    },
    "nixpkgs": {
      "locked": {
        "lastModified": 1684585791,
        "narHash": "sha256-lYPboblKrchmbkGMoAcAivomiOscZCjtGxxTSCY51SM=",
        "owner": "nixos",
        "repo": "nixpkgs",
        "rev": "eea79d584eff53bf7a76aeb63f8845da6d386129",
        "type": "github"
      },
      "original": {
        "owner": "nixos",
        "ref": "nixpkgs-unstable",
        "repo": "nixpkgs",
        "type": "github"
      }
    },
    "root": {
      "inputs": {
        "flake-utils": "flake-utils",
        "indent-blankline": "indent-blankline",
        "nixpkgs": "nixpkgs",
        "vim-illuminate": "vim-illuminate"
      }
    },
    "systems": {
      "locked": {
        "lastModified": 1681028828,
        "narHash": "sha256-Vy1rq5AaRuLzOxct8nz4T6wlgyUR7zLU309k9mBC768=",
        "owner": "nix-systems",
        "repo": "default",
        "rev": "da67096a3b9bf56a91d16901293e51ba5b49a27e",
        "type": "github"
      },
      "original": {
        "owner": "nix-systems",
        "repo": "default",
        "type": "github"
      }
    },
    "vim-illuminate": {
      "flake": false,
      "locked": {
        "lastModified": 1695749213,
        "narHash": "sha256-yzpVbp2YGEmBTTNw4fOJTftp+lisc3CnRBGWNspUazU=",
        "owner": "RRethy",
        "repo": "vim-illuminate",
        "rev": "1b5d70332a51a1de05f281069851865a2bb1e6d7",
        "type": "github"
      },
      "original": {
        "owner": "RRethy",
        "ref": "master",
        "repo": "vim-illuminate",
        "type": "github"
      }
    }
  },
  "root": "root",
  "version": 7
}
